
Microsoft Visual Studio Solution File, Format Version 12.00
# Visual Studio Version 17
VisualStudioVersion = 17.13.35806.99 d17.13
MinimumVisualStudioVersion = 10.0.40219.1
Project("{FAE04EC0-301F-11D3-BF4B-00C04F79EFBC}") = "ProfetAPI", "ProfetAPI\ProfetAPI.csproj", "{0D11FDEB-A5CC-4FBE-AE64-80804B993793}"
EndProject
Global
	GlobalSection(SolutionConfigurationPlatforms) = preSolution
		Debug|Any CPU = Debug|Any CPU
		Release|Any CPU = Release|Any CPU
	EndGlobalSection
	GlobalSection(ProjectConfigurationPlatforms) = postSolution
		{0D11FDEB-A5CC-4FBE-AE64-80804B993793}.Debug|Any CPU.ActiveCfg = Debug|Any CPU
		{0D11FDEB-A5CC-4FBE-AE64-80804B993793}.Debug|Any CPU.Build.0 = Debug|Any CPU
		{0D11FDEB-A5CC-4FBE-AE64-80804B993793}.Release|Any CPU.ActiveCfg = Release|Any CPU
		{0D11FDEB-A5CC-4FBE-AE64-80804B993793}.Release|Any CPU.Build.0 = Release|Any CPU
	EndGlobalSection
	GlobalSection(SolutionProperties) = preSolution
		HideSolutionNode = FALSE
	EndGlobalSection
	GlobalSection(ExtensibilityGlobals) = postSolution
		SolutionGuid = {4FE1DFAD-4584-4B1C-AE2E-96E762E59166}
	EndGlobalSection
EndGlobal
